
Microsoft Visual Studio Solution File, Format Version 12.00
# Visual Studio Version 16
VisualStudioVersion = 16.0.30011.22
MinimumVisualStudioVersion = 10.0.40219.1
Project("{FAE04EC0-301F-11D3-BF4B-00C04F79EFBC}") = "ClientTCP", "ClientTCP.csproj", "{362FB0B9-1D44-4324-9558-EDC8720F2202}"
EndProject
Global
	GlobalSection(SolutionConfigurationPlatforms) = preSolution
		Debug|Any CPU = Debug|Any CPU
		Release|Any CPU = Release|Any CPU
	EndGlobalSection
	GlobalSection(ProjectConfigurationPlatforms) = postSolution
		{362FB0B9-1D44-4324-9558-EDC8720F2202}.Debug|Any CPU.ActiveCfg = Debug|Any CPU
		{362FB0B9-1D44-4324-9558-EDC8720F2202}.Debug|Any CPU.Build.0 = Debug|Any CPU
		{362FB0B9-1D44-4324-9558-EDC8720F2202}.Release|Any CPU.ActiveCfg = Release|Any CPU
		{362FB0B9-1D44-4324-9558-EDC8720F2202}.Release|Any CPU.Build.0 = Release|Any CPU
	EndGlobalSection
	GlobalSection(SolutionProperties) = preSolution
		HideSolutionNode = FALSE
	EndGlobalSection
	GlobalSection(ExtensibilityGlobals) = postSolution
		SolutionGuid = {0C870D22-A74F-427D-A276-6F225BB3734F}
	EndGlobalSection
EndGlobal
